
Microsoft Visual Studio Solution File, Format Version 12.00
# Visual Studio Version 17
VisualStudioVersion = 17.6.33801.468
MinimumVisualStudioVersion = 10.0.40219.1
Project("{9A19103F-16F7-4668-BE54-9A1E7A4F7556}") = "Application", "Application\Application.csproj", "{7116B863-5EE4-43FE-87C4-D092805F4AF0}"
	ProjectSection(ProjectDependencies) = postProject
		{18F3A4CE-E666-488C-AB5D-FB6F098AF194} = {18F3A4CE-E666-488C-AB5D-FB6F098AF194}
		{C2AA89F7-7A7F-4493-855D-802D615F0BF9} = {C2AA89F7-7A7F-4493-855D-802D615F0BF9}
	EndProjectSection
EndProject
Project("{9A19103F-16F7-4668-BE54-9A1E7A4F7556}") = "Data", "Data\Data.csproj", "{C2AA89F7-7A7F-4493-855D-802D615F0BF9}"
EndProject
Project("{9A19103F-16F7-4668-BE54-9A1E7A4F7556}") = "Service", "Service\Service.csproj", "{18F3A4CE-E666-488C-AB5D-FB6F098AF194}"
	ProjectSection(ProjectDependencies) = postProject
		{C2AA89F7-7A7F-4493-855D-802D615F0BF9} = {C2AA89F7-7A7F-4493-855D-802D615F0BF9}
	EndProjectSection
EndProject
Project("{2150E333-8FDC-42A3-9474-1A3956D46DE8}") = "Tests", "Tests", "{96DE5D8F-C28B-4BDA-90BA-D5EC66700710}"
EndProject
Global
	GlobalSection(SolutionConfigurationPlatforms) = preSolution
		Debug|Any CPU = Debug|Any CPU
		Release|Any CPU = Release|Any CPU
	EndGlobalSection
	GlobalSection(ProjectConfigurationPlatforms) = postSolution
		{7116B863-5EE4-43FE-87C4-D092805F4AF0}.Debug|Any CPU.ActiveCfg = Debug|Any CPU
		{7116B863-5EE4-43FE-87C4-D092805F4AF0}.Debug|Any CPU.Build.0 = Debug|Any CPU
		{7116B863-5EE4-43FE-87C4-D092805F4AF0}.Release|Any CPU.ActiveCfg = Release|Any CPU
		{7116B863-5EE4-43FE-87C4-D092805F4AF0}.Release|Any CPU.Build.0 = Release|Any CPU
		{C2AA89F7-7A7F-4493-855D-802D615F0BF9}.Debug|Any CPU.ActiveCfg = Debug|Any CPU
		{C2AA89F7-7A7F-4493-855D-802D615F0BF9}.Debug|Any CPU.Build.0 = Debug|Any CPU
		{C2AA89F7-7A7F-4493-855D-802D615F0BF9}.Release|Any CPU.ActiveCfg = Release|Any CPU
		{C2AA89F7-7A7F-4493-855D-802D615F0BF9}.Release|Any CPU.Build.0 = Release|Any CPU
		{18F3A4CE-E666-488C-AB5D-FB6F098AF194}.Debug|Any CPU.ActiveCfg = Debug|Any CPU
		{18F3A4CE-E666-488C-AB5D-FB6F098AF194}.Debug|Any CPU.Build.0 = Debug|Any CPU
		{18F3A4CE-E666-488C-AB5D-FB6F098AF194}.Release|Any CPU.ActiveCfg = Release|Any CPU
		{18F3A4CE-E666-488C-AB5D-FB6F098AF194}.Release|Any CPU.Build.0 = Release|Any CPU
	EndGlobalSection
	GlobalSection(SolutionProperties) = preSolution
		HideSolutionNode = FALSE
	EndGlobalSection
	GlobalSection(ExtensibilityGlobals) = postSolution
		SolutionGuid = {2CEC1729-9211-4FE3-AE14-45972A730DC7}
	EndGlobalSection
EndGlobal
